// !$*UTF8*$!
{
	archiveVersion = 1;
	classes = {
	};
	objectVersion = 50;
	objects = {

/* Begin PBXBuildFile section */
		FE3C1CBB219134DF00B57F57 /* AppDelegate.m in Sources */ = {isa = PBXBuildFile; fileRef = FE3C1CBA219134DF00B57F57 /* AppDelegate.m */; };
		FE3C1CBE219134DF00B57F57 /* ViewController.m in Sources */ = {isa = PBXBuildFile; fileRef = FE3C1CBD219134DF00B57F57 /* ViewController.m */; };
		FE3C1CC1219134DF00B57F57 /* Main.storyboard in Resources */ = {isa = PBXBuildFile; fileRef = FE3C1CBF219134DF00B57F57 /* Main.storyboard */; };
		FE3C1CC3219134E100B57F57 /* Assets.xcassets in Resources */ = {isa = PBXBuildFile; fileRef = FE3C1CC2219134E100B57F57 /* Assets.xcassets */; };
		FE3C1CC6219134E100B57F57 /* LaunchScreen.storyboard in Resources */ = {isa = PBXBuildFile; fileRef = FE3C1CC4219134E100B57F57 /* LaunchScreen.storyboard */; };
		FE3C1CC9219134E100B57F57 /* main.m in Sources */ = {isa = PBXBuildFile; fileRef = FE3C1CC8219134E100B57F57 /* main.m */; };
		FE3C1CD3219134E100B57F57 /* SKCameraTests.m in Sources */ = {isa = PBXBuildFile; fileRef = FE3C1CD2219134E100B57F57 /* SKCameraTests.m */; };
		FE3C1CDE219134E100B57F57 /* SKCameraUITests.m in Sources */ = {isa = PBXBuildFile; fileRef = FE3C1CDD219134E100B57F57 /* SKCameraUITests.m */; };
		FE3C1CEE21913B9100B57F57 /* SKCameraView.m in Sources */ = {isa = PBXBuildFile; fileRef = FE3C1CED21913B9100B57F57 /* SKCameraView.m */; };
		FE3C1CF121913C3D00B57F57 /* AVFoundation.framework in Frameworks */ = {isa = PBXBuildFile; fileRef = FE3C1CF021913C3D00B57F57 /* AVFoundation.framework */; };
		FE3C1CF3219179C800B57F57 /* takePic_take.png in Resources */ = {isa = PBXBuildFile; fileRef = FE3C1CF2219179C800B57F57 /* takePic_take.png */; };
		FE3C1CF5219179E900B57F57 /* takePic_switch.png in Resources */ = {isa = PBXBuildFile; fileRef = FE3C1CF4219179E900B57F57 /* takePic_switch.png */; };
		FE3C1CF721917A0900B57F57 /* takePic_scaleN.png in Resources */ = {isa = PBXBuildFile; fileRef = FE3C1CF621917A0900B57F57 /* takePic_scaleN.png */; };
		FE3C1CF921917A2600B57F57 /* takePic_scaleH.png in Resources */ = {isa = PBXBuildFile; fileRef = FE3C1CF821917A2600B57F57 /* takePic_scaleH.png */; };
		FE3C1CFB21917A4000B57F57 /* takepic_flashN.png in Resources */ = {isa = PBXBuildFile; fileRef = FE3C1CFA21917A3F00B57F57 /* takepic_flashN.png */; };
		FE3C1CFD21917A5900B57F57 /* takepic_flashH.png in Resources */ = {isa = PBXBuildFile; fileRef = FE3C1CFC21917A5900B57F57 /* takepic_flashH.png */; };
		FE3C1CFF21917AD900B57F57 /* takePic_netN.png in Resources */ = {isa = PBXBuildFile; fileRef = FE3C1CFE21917AD900B57F57 /* takePic_netN.png */; };
		FE3C1D0121917AF100B57F57 /* takePic_netH.png in Resources */ = {isa = PBXBuildFile; fileRef = FE3C1D0021917AF100B57F57 /* takePic_netH.png */; };
		FEAB5B922192932100070019 /* UIImage+SKImage.m in Sources */ = {isa = PBXBuildFile; fileRef = FEAB5B912192932100070019 /* UIImage+SKImage.m */; };
/* End PBXBuildFile section */

/* Begin PBXContainerItemProxy section */
		FE3C1CCF219134E100B57F57 /* PBXContainerItemProxy */ = {
			isa = PBXContainerItemProxy;
			containerPortal = FE3C1CAE219134DF00B57F57 /* Project object */;
			proxyType = 1;
			remoteGlobalIDString = FE3C1CB5219134DF00B57F57;
			remoteInfo = SKCamera;
		};
		FE3C1CDA219134E100B57F57 /* PBXContainerItemProxy */ = {
			isa = PBXContainerItemProxy;
			containerPortal = FE3C1CAE219134DF00B57F57 /* Project object */;
			proxyType = 1;
			remoteGlobalIDString = FE3C1CB5219134DF00B57F57;
			remoteInfo = SKCamera;
		};
/* End PBXContainerItemProxy section */

/* Begin PBXFileReference section */
		FE3C1CB6219134DF00B57F57 /* SKCamera.app */ = {isa = PBXFileReference; explicitFileType = wrapper.application; includeInIndex = 0; path = SKCamera.app; sourceTree = BUILT_PRODUCTS_DIR; };
		FE3C1CB9219134DF00B57F57 /* AppDelegate.h */ = {isa = PBXFileReference; lastKnownFileType = sourcecode.c.h; path = AppDelegate.h; sourceTree = "<group>"; };
		FE3C1CBA219134DF00B57F57 /* AppDelegate.m */ = {isa = PBXFileReference; lastKnownFileType = sourcecode.c.objc; path = AppDelegate.m; sourceTree = "<group>"; };
		FE3C1CBC219134DF00B57F57 /* ViewController.h */ = {isa = PBXFileReference; lastKnownFileType = sourcecode.c.h; path = ViewController.h; sourceTree = "<group>"; };
		FE3C1CBD219134DF00B57F57 /* ViewController.m */ = {isa = PBXFileReference; lastKnownFileType = sourcecode.c.objc; path = ViewController.m; sourceTree = "<group>"; };
		FE3C1CC0219134DF00B57F57 /* Base */ = {isa = PBXFileReference; lastKnownFileType = file.storyboard; name = Base; path = Base.lproj/Main.storyboard; sourceTree = "<group>"; };
		FE3C1CC2219134E100B57F57 /* Assets.xcassets */ = {isa = PBXFileReference; lastKnownFileType = folder.assetcatalog; path = Assets.xcassets; sourceTree = "<group>"; };
		FE3C1CC5219134E100B57F57 /* Base */ = {isa = PBXFileReference; lastKnownFileType = file.storyboard; name = Base; path = Base.lproj/LaunchScreen.storyboard; sourceTree = "<group>"; };
		FE3C1CC7219134E100B57F57 /* Info.plist */ = {isa = PBXFileReference; lastKnownFileType = text.plist.xml; path = Info.plist; sourceTree = "<group>"; };
		FE3C1CC8219134E100B57F57 /* main.m */ = {isa = PBXFileReference; lastKnownFileType = sourcecode.c.objc; path = main.m; sourceTree = "<group>"; };
		FE3C1CCE219134E100B57F57 /* SKCameraTests.xctest */ = {isa = PBXFileReference; explicitFileType = wrapper.cfbundle; includeInIndex = 0; path = SKCameraTests.xctest; sourceTree = BUILT_PRODUCTS_DIR; };
		FE3C1CD2219134E100B57F57 /* SKCameraTests.m */ = {isa = PBXFileReference; lastKnownFileType = sourcecode.c.objc; path = SKCameraTests.m; sourceTree = "<group>"; };
		FE3C1CD4219134E100B57F57 /* Info.plist */ = {isa = PBXFileReference; lastKnownFileType = text.plist.xml; path = Info.plist; sourceTree = "<group>"; };
		FE3C1CD9219134E100B57F57 /* SKCameraUITests.xctest */ = {isa = PBXFileReference; explicitFileType = wrapper.cfbundle; includeInIndex = 0; path = SKCameraUITests.xctest; sourceTree = BUILT_PRODUCTS_DIR; };
		FE3C1CDD219134E100B57F57 /* SKCameraUITests.m */ = {isa = PBXFileReference; lastKnownFileType = sourcecode.c.objc; path = SKCameraUITests.m; sourceTree = "<group>"; };
		FE3C1CDF219134E100B57F57 /* Info.plist */ = {isa = PBXFileReference; lastKnownFileType = text.plist.xml; path = Info.plist; sourceTree = "<group>"; };
		FE3C1CEC21913B9000B57F57 /* SKCameraView.h */ = {isa = PBXFileReference; fileEncoding = 4; lastKnownFileType = sourcecode.c.h; path = SKCameraView.h; sourceTree = "<group>"; };
		FE3C1CED21913B9100B57F57 /* SKCameraView.m */ = {isa = PBXFileReference; fileEncoding = 4; lastKnownFileType = sourcecode.c.objc; path = SKCameraView.m; sourceTree = "<group>"; };
		FE3C1CF021913C3D00B57F57 /* AVFoundation.framework */ = {isa = PBXFileReference; lastKnownFileType = wrapper.framework; name = AVFoundation.framework; path = System/Library/Frameworks/AVFoundation.framework; sourceTree = SDKROOT; };
		FE3C1CF2219179C800B57F57 /* takePic_take.png */ = {isa = PBXFileReference; lastKnownFileType = image.png; path = takePic_take.png; sourceTree = "<group>"; };
		FE3C1CF4219179E900B57F57 /* takePic_switch.png */ = {isa = PBXFileReference; lastKnownFileType = image.png; path = takePic_switch.png; sourceTree = "<group>"; };
		FE3C1CF621917A0900B57F57 /* takePic_scaleN.png */ = {isa = PBXFileReference; lastKnownFileType = image.png; path = takePic_scaleN.png; sourceTree = "<group>"; };
		FE3C1CF821917A2600B57F57 /* takePic_scaleH.png */ = {isa = PBXFileReference; lastKnownFileType = image.png; path = takePic_scaleH.png; sourceTree = "<group>"; };
		FE3C1CFA21917A3F00B57F57 /* takepic_flashN.png */ = {isa = PBXFileReference; lastKnownFileType = image.png; path = takepic_flashN.png; sourceTree = "<group>"; };
		FE3C1CFC21917A5900B57F57 /* takepic_flashH.png */ = {isa = PBXFileReference; lastKnownFileType = image.png; path = takepic_flashH.png; sourceTree = "<group>"; };
		FE3C1CFE21917AD900B57F57 /* takePic_netN.png */ = {isa = PBXFileReference; lastKnownFileType = image.png; path = takePic_netN.png; sourceTree = "<group>"; };
		FE3C1D0021917AF100B57F57 /* takePic_netH.png */ = {isa = PBXFileReference; lastKnownFileType = image.png; path = takePic_netH.png; sourceTree = "<group>"; };
		FEAB5B902192932100070019 /* UIImage+SKImage.h */ = {isa = PBXFileReference; lastKnownFileType = sourcecode.c.h; path = "UIImage+SKImage.h"; sourceTree = "<group>"; };
		FEAB5B912192932100070019 /* UIImage+SKImage.m */ = {isa = PBXFileReference; lastKnownFileType = sourcecode.c.objc; path = "UIImage+SKImage.m"; sourceTree = "<group>"; };
/* End PBXFileReference section */

/* Begin PBXFrameworksBuildPhase section */
		FE3C1CB3219134DF00B57F57 /* Frameworks */ = {
			isa = PBXFrameworksBuildPhase;
			buildActionMask = 2147483647;
			files = (
				FE3C1CF121913C3D00B57F57 /* AVFoundation.framework in Frameworks */,
			);
			runOnlyForDeploymentPostprocessing = 0;
		};
		FE3C1CCB219134E100B57F57 /* Frameworks */ = {
			isa = PBXFrameworksBuildPhase;
			buildActionMask = 2147483647;
			files = (
			);
			runOnlyForDeploymentPostprocessing = 0;
		};
		FE3C1CD6219134E100B57F57 /* Frameworks */ = {
			isa = PBXFrameworksBuildPhase;
			buildActionMask = 2147483647;
			files = (
			);
			runOnlyForDeploymentPostprocessing = 0;
		};
/* End PBXFrameworksBuildPhase section */

/* Begin PBXGroup section */
		FE3C1CAD219134DF00B57F57 = {
			isa = PBXGroup;
			children = (
				FE3C1CEB2191364E00B57F57 /* Classes */,
				FE3C1CB8219134DF00B57F57 /* SKCamera */,
				FE3C1CD1219134E100B57F57 /* SKCameraTests */,
				FE3C1CDC219134E100B57F57 /* SKCameraUITests */,
				FE3C1CB7219134DF00B57F57 /* Products */,
				FE3C1CEF21913C3C00B57F57 /* Frameworks */,
			);
			sourceTree = "<group>";
		};
		FE3C1CB7219134DF00B57F57 /* Products */ = {
			isa = PBXGroup;
			children = (
				FE3C1CB6219134DF00B57F57 /* SKCamera.app */,
				FE3C1CCE219134E100B57F57 /* SKCameraTests.xctest */,
				FE3C1CD9219134E100B57F57 /* SKCameraUITests.xctest */,
			);
			name = Products;
			sourceTree = "<group>";
		};
		FE3C1CB8219134DF00B57F57 /* SKCamera */ = {
			isa = PBXGroup;
			children = (
				FE3C1CB9219134DF00B57F57 /* AppDelegate.h */,
				FE3C1CBA219134DF00B57F57 /* AppDelegate.m */,
				FE3C1CBC219134DF00B57F57 /* ViewController.h */,
				FE3C1CBD219134DF00B57F57 /* ViewController.m */,
				FE3C1CBF219134DF00B57F57 /* Main.storyboard */,
				FE3C1CC2219134E100B57F57 /* Assets.xcassets */,
				FE3C1CC4219134E100B57F57 /* LaunchScreen.storyboard */,
				FE3C1CC7219134E100B57F57 /* Info.plist */,
				FE3C1CC8219134E100B57F57 /* main.m */,
			);
			path = SKCamera;
			sourceTree = "<group>";
		};
		FE3C1CD1219134E100B57F57 /* SKCameraTests */ = {
			isa = PBXGroup;
			children = (
				FE3C1CD2219134E100B57F57 /* SKCameraTests.m */,
				FE3C1CD4219134E100B57F57 /* Info.plist */,
			);
			path = SKCameraTests;
			sourceTree = "<group>";
		};
		FE3C1CDC219134E100B57F57 /* SKCameraUITests */ = {
			isa = PBXGroup;
			children = (
				FE3C1CDD219134E100B57F57 /* SKCameraUITests.m */,
				FE3C1CDF219134E100B57F57 /* Info.plist */,
			);
			path = SKCameraUITests;
			sourceTree = "<group>";
		};
		FE3C1CEB2191364E00B57F57 /* Classes */ = {
			isa = PBXGroup;
			children = (
				FE3C1CEC21913B9000B57F57 /* SKCameraView.h */,
				FE3C1CED21913B9100B57F57 /* SKCameraView.m */,
				FEAB5B902192932100070019 /* UIImage+SKImage.h */,
				FEAB5B912192932100070019 /* UIImage+SKImage.m */,
				FE3C1CF2219179C800B57F57 /* takePic_take.png */,
				FE3C1CF4219179E900B57F57 /* takePic_switch.png */,
				FE3C1CF621917A0900B57F57 /* takePic_scaleN.png */,
				FE3C1CF821917A2600B57F57 /* takePic_scaleH.png */,
				FE3C1CFA21917A3F00B57F57 /* takepic_flashN.png */,
				FE3C1CFC21917A5900B57F57 /* takepic_flashH.png */,
				FE3C1CFE21917AD900B57F57 /* takePic_netN.png */,
				FE3C1D0021917AF100B57F57 /* takePic_netH.png */,
			);
			path = Classes;
			sourceTree = "<group>";
		};
		FE3C1CEF21913C3C00B57F57 /* Frameworks */ = {
			isa = PBXGroup;
			children = (
				FE3C1CF021913C3D00B57F57 /* AVFoundation.framework */,
			);
			name = Frameworks;
			sourceTree = "<group>";
		};
/* End PBXGroup section */

/* Begin PBXNativeTarget section */
		FE3C1CB5219134DF00B57F57 /* SKCamera */ = {
			isa = PBXNativeTarget;
			buildConfigurationList = FE3C1CE2219134E200B57F57 /* Build configuration list for PBXNativeTarget "SKCamera" */;
			buildPhases = (
				FE3C1CB2219134DF00B57F57 /* Sources */,
				FE3C1CB3219134DF00B57F57 /* Frameworks */,
				FE3C1CB4219134DF00B57F57 /* Resources */,
			);
			buildRules = (
			);
			dependencies = (
			);
			name = SKCamera;
			productName = SKCamera;
			productReference = FE3C1CB6219134DF00B57F57 /* SKCamera.app */;
			productType = "com.apple.product-type.application";
		};
		FE3C1CCD219134E100B57F57 /* SKCameraTests */ = {
			isa = PBXNativeTarget;
			buildConfigurationList = FE3C1CE5219134E200B57F57 /* Build configuration list for PBXNativeTarget "SKCameraTests" */;
			buildPhases = (
				FE3C1CCA219134E100B57F57 /* Sources */,
				FE3C1CCB219134E100B57F57 /* Frameworks */,
				FE3C1CCC219134E100B57F57 /* Resources */,
			);
			buildRules = (
			);
			dependencies = (
				FE3C1CD0219134E100B57F57 /* PBXTargetDependency */,
			);
			name = SKCameraTests;
			productName = SKCameraTests;
			productReference = FE3C1CCE219134E100B57F57 /* SKCameraTests.xctest */;
			productType = "com.apple.product-type.bundle.unit-test";
		};
		FE3C1CD8219134E100B57F57 /* SKCameraUITests */ = {
			isa = PBXNativeTarget;
			buildConfigurationList = FE3C1CE8219134E200B57F57 /* Build configuration list for PBXNativeTarget "SKCameraUITests" */;
			buildPhases = (
				FE3C1CD5219134E100B57F57 /* Sources */,
				FE3C1CD6219134E100B57F57 /* Frameworks */,
				FE3C1CD7219134E100B57F57 /* Resources */,
			);
			buildRules = (
			);
			dependencies = (
				FE3C1CDB219134E100B57F57 /* PBXTargetDependency */,
			);
			name = SKCameraUITests;
			productName = SKCameraUITests;
			productReference = FE3C1CD9219134E100B57F57 /* SKCameraUITests.xctest */;
			productType = "com.apple.product-type.bundle.ui-testing";
		};
/* End PBXNativeTarget section */

/* Begin PBXProject section */
		FE3C1CAE219134DF00B57F57 /* Project object */ = {
			isa = PBXProject;
			attributes = {
				LastUpgradeCheck = 0940;
				ORGANIZATIONNAME = "SK-HU";
				TargetAttributes = {
					FE3C1CB5219134DF00B57F57 = {
						CreatedOnToolsVersion = 9.4.1;
					};
					FE3C1CCD219134E100B57F57 = {
						CreatedOnToolsVersion = 9.4.1;
						TestTargetID = FE3C1CB5219134DF00B57F57;
					};
					FE3C1CD8219134E100B57F57 = {
						CreatedOnToolsVersion = 9.4.1;
						TestTargetID = FE3C1CB5219134DF00B57F57;
					};
				};
			};
			buildConfigurationList = FE3C1CB1219134DF00B57F57 /* Build configuration list for PBXProject "SKCamera" */;
			compatibilityVersion = "Xcode 9.3";
			developmentRegion = en;
			hasScannedForEncodings = 0;
			knownRegions = (
				en,
				Base,
			);
			mainGroup = FE3C1CAD219134DF00B57F57;
			productRefGroup = FE3C1CB7219134DF00B57F57 /* Products */;
			projectDirPath = "";
			projectRoot = "";
			targets = (
				FE3C1CB5219134DF00B57F57 /* SKCamera */,
				FE3C1CCD219134E100B57F57 /* SKCameraTests */,
				FE3C1CD8219134E100B57F57 /* SKCameraUITests */,
			);
		};
/* End PBXProject section */

/* Begin PBXResourcesBuildPhase section */
		FE3C1CB4219134DF00B57F57 /* Resources */ = {
			isa = PBXResourcesBuildPhase;
			buildActionMask = 2147483647;
			files = (
				FE3C1CF921917A2600B57F57 /* takePic_scaleH.png in Resources */,
				FE3C1CF3219179C800B57F57 /* takePic_take.png in Resources */,
				FE3C1CC6219134E100B57F57 /* LaunchScreen.storyboard in Resources */,
				FE3C1CF721917A0900B57F57 /* takePic_scaleN.png in Resources */,
				FE3C1CFD21917A5900B57F57 /* takepic_flashH.png in Resources */,
				FE3C1D0121917AF100B57F57 /* takePic_netH.png in Resources */,
				FE3C1CFB21917A4000B57F57 /* takepic_flashN.png in Resources */,
				FE3C1CFF21917AD900B57F57 /* takePic_netN.png in Resources */,
				FE3C1CF5219179E900B57F57 /* takePic_switch.png in Resources */,
				FE3C1CC3219134E100B57F57 /* Assets.xcassets in Resources */,
				FE3C1CC1219134DF00B57F57 /* Main.storyboard in Resources */,
			);
			runOnlyForDeploymentPostprocessing = 0;
		};
		FE3C1CCC219134E100B57F57 /* Resources */ = {
			isa = PBXResourcesBuildPhase;
			buildActionMask = 2147483647;
			files = (
			);
			runOnlyForDeploymentPostprocessing = 0;
		};
		FE3C1CD7219134E100B57F57 /* Resources */ = {
			isa = PBXResourcesBuildPhase;
			buildActionMask = 2147483647;
			files = (
			);
			runOnlyForDeploymentPostprocessing = 0;
		};
/* End PBXResourcesBuildPhase section */

/* Begin PBXSourcesBuildPhase section */
		FE3C1CB2219134DF00B57F57 /* Sources */ = {
			isa = PBXSourcesBuildPhase;
			buildActionMask = 2147483647;
			files = (
				FE3C1CBE219134DF00B57F57 /* ViewController.m in Sources */,
				FEAB5B922192932100070019 /* UIImage+SKImage.m in Sources */,
				FE3C1CC9219134E100B57F57 /* main.m in Sources */,
				FE3C1CBB219134DF00B57F57 /* AppDelegate.m in Sources */,
				FE3C1CEE21913B9100B57F57 /* SKCameraView.m in Sources */,
			);
			runOnlyForDeploymentPostprocessing = 0;
		};
		FE3C1CCA219134E100B57F57 /* Sources */ = {
			isa = PBXSourcesBuildPhase;
			buildActionMask = 2147483647;
			files = (
				FE3C1CD3219134E100B57F57 /* SKCameraTests.m in Sources */,
			);
			runOnlyForDeploymentPostprocessing = 0;
		};
		FE3C1CD5219134E100B57F57 /* Sources */ = {
			isa = PBXSourcesBuildPhase;
			buildActionMask = 2147483647;
			files = (
				FE3C1CDE219134E100B57F57 /* SKCameraUITests.m in Sources */,
			);
			runOnlyForDeploymentPostprocessing = 0;
		};
/* End PBXSourcesBuildPhase section */

/* Begin PBXTargetDependency section */
		FE3C1CD0219134E100B57F57 /* PBXTargetDependency */ = {
			isa = PBXTargetDependency;
			target = FE3C1CB5219134DF00B57F57 /* SKCamera */;
			targetProxy = FE3C1CCF219134E100B57F57 /* PBXContainerItemProxy */;
		};
		FE3C1CDB219134E100B57F57 /* PBXTargetDependency */ = {
			isa = PBXTargetDependency;
			target = FE3C1CB5219134DF00B57F57 /* SKCamera */;
			targetProxy = FE3C1CDA219134E100B57F57 /* PBXContainerItemProxy */;
		};
/* End PBXTargetDependency section */

/* Begin PBXVariantGroup section */
		FE3C1CBF219134DF00B57F57 /* Main.storyboard */ = {
			isa = PBXVariantGroup;
			children = (
				FE3C1CC0219134DF00B57F57 /* Base */,
			);
			name = Main.storyboard;
			sourceTree = "<group>";
		};
		FE3C1CC4219134E100B57F57 /* LaunchScreen.storyboard */ = {
			isa = PBXVariantGroup;
			children = (
				FE3C1CC5219134E100B57F57 /* Base */,
			);
			name = LaunchScreen.storyboard;
			sourceTree = "<group>";
		};
/* End PBXVariantGroup section */

/* Begin XCBuildConfiguration section */
		FE3C1CE0219134E100B57F57 /* Debug */ = {
			isa = XCBuildConfiguration;
			buildSettings = {
				ALWAYS_SEARCH_USER_PATHS = NO;
				CLANG_ANALYZER_NONNULL = YES;
				CLANG_ANALYZER_NUMBER_OBJECT_CONVERSION = YES_AGGRESSIVE;
				CLANG_CXX_LANGUAGE_STANDARD = "gnu++14";
				CLANG_CXX_LIBRARY = "libc++";
				CLANG_ENABLE_MODULES = YES;
				CLANG_ENABLE_OBJC_ARC = YES;
				CLANG_ENABLE_OBJC_WEAK = YES;
				CLANG_WARN_BLOCK_CAPTURE_AUTORELEASING = YES;
				CLANG_WARN_BOOL_CONVERSION = YES;
				CLANG_WARN_COMMA = YES;
				CLANG_WARN_CONSTANT_CONVERSION = YES;
				CLANG_WARN_DEPRECATED_OBJC_IMPLEMENTATIONS = YES;
				CLANG_WARN_DIRECT_OBJC_ISA_USAGE = YES_ERROR;
				CLANG_WARN_DOCUMENTATION_COMMENTS = YES;
				CLANG_WARN_EMPTY_BODY = YES;
				CLANG_WARN_ENUM_CONVERSION = YES;
				CLANG_WARN_INFINITE_RECURSION = YES;
				CLANG_WARN_INT_CONVERSION = YES;
				CLANG_WARN_NON_LITERAL_NULL_CONVERSION = YES;
				CLANG_WARN_OBJC_IMPLICIT_RETAIN_SELF = YES;
				CLANG_WARN_OBJC_LITERAL_CONVERSION = YES;
				CLANG_WARN_OBJC_ROOT_CLASS = YES_ERROR;
				CLANG_WARN_RANGE_LOOP_ANALYSIS = YES;
				CLANG_WARN_STRICT_PROTOTYPES = YES;
				CLANG_WARN_SUSPICIOUS_MOVE = YES;
				CLANG_WARN_UNGUARDED_AVAILABILITY = YES_AGGRESSIVE;
				CLANG_WARN_UNREACHABLE_CODE = YES;
				CLANG_WARN__DUPLICATE_METHOD_MATCH = YES;
				CODE_SIGN_IDENTITY = "iPhone Developer";
				COPY_PHASE_STRIP = NO;
				DEBUG_INFORMATION_FORMAT = dwarf;
				ENABLE_STRICT_OBJC_MSGSEND = YES;
				ENABLE_TESTABILITY = YES;
				GCC_C_LANGUAGE_STANDARD = gnu11;
				GCC_DYNAMIC_NO_PIC = NO;
				GCC_NO_COMMON_BLOCKS = YES;
				GCC_OPTIMIZATION_LEVEL = 0;
				GCC_PREPROCESSOR_DEFINITIONS = (
					"DEBUG=1",
					"$(inherited)",
				);
				GCC_WARN_64_TO_32_BIT_CONVERSION = YES;
				GCC_WARN_ABOUT_RETURN_TYPE = YES_ERROR;
				GCC_WARN_UNDECLARED_SELECTOR = YES;
				GCC_WARN_UNINITIALIZED_AUTOS = YES_AGGRESSIVE;
				GCC_WARN_UNUSED_FUNCTION = YES;
				GCC_WARN_UNUSED_VARIABLE = YES;
				IPHONEOS_DEPLOYMENT_TARGET = 11.4;
				MTL_ENABLE_DEBUG_INFO = YES;
				ONLY_ACTIVE_ARCH = YES;
				SDKROOT = iphoneos;
			};
			name = Debug;
		};
		FE3C1CE1219134E100B57F57 /* Release */ = {
			isa = XCBuildConfiguration;
			buildSettings = {
				ALWAYS_SEARCH_USER_PATHS = NO;
				CLANG_ANALYZER_NONNULL = YES;
				CLANG_ANALYZER_NUMBER_OBJECT_CONVERSION = YES_AGGRESSIVE;
				CLANG_CXX_LANGUAGE_STANDARD = "gnu++14";
				CLANG_CXX_LIBRARY = "libc++";
				CLANG_ENABLE_MODULES = YES;
				CLANG_ENABLE_OBJC_ARC = YES;
				CLANG_ENABLE_OBJC_WEAK = YES;
				CLANG_WARN_BLOCK_CAPTURE_AUTORELEASING = YES;
				CLANG_WARN_BOOL_CONVERSION = YES;
				CLANG_WARN_COMMA = YES;
				CLANG_WARN_CONSTANT_CONVERSION = YES;
				CLANG_WARN_DEPRECATED_OBJC_IMPLEMENTATIONS = YES;
				CLANG_WARN_DIRECT_OBJC_ISA_USAGE = YES_ERROR;
				CLANG_WARN_DOCUMENTATION_COMMENTS = YES;
				CLANG_WARN_EMPTY_BODY = YES;
				CLANG_WARN_ENUM_CONVERSION = YES;
				CLANG_WARN_INFINITE_RECURSION = YES;
				CLANG_WARN_INT_CONVERSION = YES;
				CLANG_WARN_NON_LITERAL_NULL_CONVERSION = YES;
				CLANG_WARN_OBJC_IMPLICIT_RETAIN_SELF = YES;
				CLANG_WARN_OBJC_LITERAL_CONVERSION = YES;
				CLANG_WARN_OBJC_ROOT_CLASS = YES_ERROR;
				CLANG_WARN_RANGE_LOOP_ANALYSIS = YES;
				CLANG_WARN_STRICT_PROTOTYPES = YES;
				CLANG_WARN_SUSPICIOUS_MOVE = YES;
				CLANG_WARN_UNGUARDED_AVAILABILITY = YES_AGGRESSIVE;
				CLANG_WARN_UNREACHABLE_CODE = YES;
				CLANG_WARN__DUPLICATE_METHOD_MATCH = YES;
				CODE_SIGN_IDENTITY = "iPhone Developer";
				COPY_PHASE_STRIP = NO;
				DEBUG_INFORMATION_FORMAT = "dwarf-with-dsym";
				ENABLE_NS_ASSERTIONS = NO;
				ENABLE_STRICT_OBJC_MSGSEND = YES;
				GCC_C_LANGUAGE_STANDARD = gnu11;
				GCC_NO_COMMON_BLOCKS = YES;
				GCC_WARN_64_TO_32_BIT_CONVERSION = YES;
				GCC_WARN_ABOUT_RETURN_TYPE = YES_ERROR;
				GCC_WARN_UNDECLARED_SELECTOR = YES;
				GCC_WARN_UNINITIALIZED_AUTOS = YES_AGGRESSIVE;
				GCC_WARN_UNUSED_FUNCTION = YES;
				GCC_WARN_UNUSED_VARIABLE = YES;
				IPHONEOS_DEPLOYMENT_TARGET = 11.4;
				MTL_ENABLE_DEBUG_INFO = NO;
				SDKROOT = iphoneos;
				VALIDATE_PRODUCT = YES;
			};
			name = Release;
		};
		FE3C1CE3219134E200B57F57 /* Debug */ = {
			isa = XCBuildConfiguration;
			buildSettings = {
				ASSETCATALOG_COMPILER_APPICON_NAME = AppIcon;
				CODE_SIGN_STYLE = Manual;
				DEVELOPMENT_TEAM = LF9QD7QW56;
				INFOPLIST_FILE = SKCamera/Info.plist;
				IPHONEOS_DEPLOYMENT_TARGET = 8.0;
				LD_RUNPATH_SEARCH_PATHS = (
					"$(inherited)",
					"@executable_path/Frameworks",
				);
				PRODUCT_BUNDLE_IDENTIFIER = com.XiNanShangHui;
				PRODUCT_NAME = "$(TARGET_NAME)";
				PROVISIONING_PROFILE = "19f3a4de-a068-48e4-b370-1d61ce80bdde";
				PROVISIONING_PROFILE_SPECIFIER = XiNanShangHui_Development;
				TARGETED_DEVICE_FAMILY = "1,2";
			};
			name = Debug;
		};
		FE3C1CE4219134E200B57F57 /* Release */ = {
			isa = XCBuildConfiguration;
			buildSettings = {
				ASSETCATALOG_COMPILER_APPICON_NAME = AppIcon;
				CODE_SIGN_IDENTITY = "iPhone Distribution";
				CODE_SIGN_STYLE = Manual;
				DEVELOPMENT_TEAM = LF9QD7QW56;
				INFOPLIST_FILE = SKCamera/Info.plist;
				IPHONEOS_DEPLOYMENT_TARGET = 8.0;
				LD_RUNPATH_SEARCH_PATHS = (
					"$(inherited)",
					"@executable_path/Frameworks",
				);
				PRODUCT_BUNDLE_IDENTIFIER = com.XiNanShangHui;
				PRODUCT_NAME = "$(TARGET_NAME)";
				PROVISIONING_PROFILE = "3e459fe1-9c77-4598-ba84-48769b9dee51";
				PROVISIONING_PROFILE_SPECIFIER = XiNanShangHui_AdHoc;
				TARGETED_DEVICE_FAMILY = "1,2";
			};
			name = Release;
		};
		FE3C1CE6219134E200B57F57 /* Debug */ = {
			isa = XCBuildConfiguration;
			buildSettings = {
				BUNDLE_LOADER = "$(TEST_HOST)";
				CODE_SIGN_STYLE = Automatic;
				INFOPLIST_FILE = SKCameraTests/Info.plist;
				LD_RUNPATH_SEARCH_PATHS = (
					"$(inherited)",
					"@executable_path/Frameworks",
					"@loader_path/Frameworks",
				);
				PRODUCT_BUNDLE_IDENTIFIER = com.SKVoiceWave.SKCameraTests;
				PRODUCT_NAME = "$(TARGET_NAME)";
				TARGETED_DEVICE_FAMILY = "1,2";
				TEST_HOST = "$(BUILT_PRODUCTS_DIR)/SKCamera.app/SKCamera";
			};
			name = Debug;
		};
		FE3C1CE7219134E200B57F57 /* Release */ = {
			isa = XCBuildConfiguration;
			buildSettings = {
				BUNDLE_LOADER = "$(TEST_HOST)";
				CODE_SIGN_STYLE = Automatic;
				INFOPLIST_FILE = SKCameraTests/Info.plist;
				LD_RUNPATH_SEARCH_PATHS = (
					"$(inherited)",
					"@executable_path/Frameworks",
					"@loader_path/Frameworks",
				);
				PRODUCT_BUNDLE_IDENTIFIER = com.SKVoiceWave.SKCameraTests;
				PRODUCT_NAME = "$(TARGET_NAME)";
				TARGETED_DEVICE_FAMILY = "1,2";
				TEST_HOST = "$(BUILT_PRODUCTS_DIR)/SKCamera.app/SKCamera";
			};
			name = Release;
		};
		FE3C1CE9219134E200B57F57 /* Debug */ = {
			isa = XCBuildConfiguration;
			buildSettings = {
				CODE_SIGN_STYLE = Automatic;
				INFOPLIST_FILE = SKCameraUITests/Info.plist;
				LD_RUNPATH_SEARCH_PATHS = (
					"$(inherited)",
					"@executable_path/Frameworks",
					"@loader_path/Frameworks",
				);
				PRODUCT_BUNDLE_IDENTIFIER = com.SKVoiceWave.SKCameraUITests;
				PRODUCT_NAME = "$(TARGET_NAME)";
				TARGETED_DEVICE_FAMILY = "1,2";
				TEST_TARGET_NAME = SKCamera;
			};
			name = Debug;
		};
		FE3C1CEA219134E200B57F57 /* Release */ = {
			isa = XCBuildConfiguration;
			buildSettings = {
				CODE_SIGN_STYLE = Automatic;
				INFOPLIST_FILE = SKCameraUITests/Info.plist;
				LD_RUNPATH_SEARCH_PATHS = (
					"$(inherited)",
					"@executable_path/Frameworks",
					"@loader_path/Frameworks",
				);
				PRODUCT_BUNDLE_IDENTIFIER = com.SKVoiceWave.SKCameraUITests;
				PRODUCT_NAME = "$(TARGET_NAME)";
				TARGETED_DEVICE_FAMILY = "1,2";
				TEST_TARGET_NAME = SKCamera;
			};
			name = Release;
		};
/* End XCBuildConfiguration section */

/* Begin XCConfigurationList section */
		FE3C1CB1219134DF00B57F57 /* Build configuration list for PBXProject "SKCamera" */ = {
			isa = XCConfigurationList;
			buildConfigurations = (
				FE3C1CE0219134E100B57F57 /* Debug */,
				FE3C1CE1219134E100B57F57 /* Release */,
			);
			defaultConfigurationIsVisible = 0;
			defaultConfigurationName = Release;
		};
		FE3C1CE2219134E200B57F57 /* Build configuration list for PBXNativeTarget "SKCamera" */ = {
			isa = XCConfigurationList;
			buildConfigurations = (
				FE3C1CE3219134E200B57F57 /* Debug */,
				FE3C1CE4219134E200B57F57 /* Release */,
			);
			defaultConfigurationIsVisible = 0;
			defaultConfigurationName = Release;
		};
		FE3C1CE5219134E200B57F57 /* Build configuration list for PBXNativeTarget "SKCameraTests" */ = {
			isa = XCConfigurationList;
			buildConfigurations = (
				FE3C1CE6219134E200B57F57 /* Debug */,
				FE3C1CE7219134E200B57F57 /* Release */,
			);
			defaultConfigurationIsVisible = 0;
			defaultConfigurationName = Release;
		};
		FE3C1CE8219134E200B57F57 /* Build configuration list for PBXNativeTarget "SKCameraUITests" */ = {
			isa = XCConfigurationList;
			buildConfigurations = (
				FE3C1CE9219134E200B57F57 /* Debug */,
				FE3C1CEA219134E200B57F57 /* Release */,
			);
			defaultConfigurationIsVisible = 0;
			defaultConfigurationName = Release;
		};
/* End XCConfigurationList section */
	};
	rootObject = FE3C1CAE219134DF00B57F57 /* Project object */;
}
